// !$*UTF8*$!
{
	archiveVersion = 1;
	classes = {
	};
	objectVersion = 46;
	objects = {

/* Begin PBXBuildFile section */
		CBFA39C71943E7BF00E0951D /* Foundation.framework in Frameworks */ = {isa = PBXBuildFile; fileRef = CBFA39C61943E7BF00E0951D /* Foundation.framework */; };
		CBFA39C91943E7BF00E0951D /* CoreGraphics.framework in Frameworks */ = {isa = PBXBuildFile; fileRef = CBFA39C81943E7BF00E0951D /* CoreGraphics.framework */; };
		CBFA39CB1943E7BF00E0951D /* UIKit.framework in Frameworks */ = {isa = PBXBuildFile; fileRef = CBFA39CA1943E7BF00E0951D /* UIKit.framework */; };
		CBFA39D11943E7BF00E0951D /* InfoPlist.strings in Resources */ = {isa = PBXBuildFile; fileRef = CBFA39CF1943E7BF00E0951D /* InfoPlist.strings */; };
		CBFA39D31943E7BF00E0951D /* main.m in Sources */ = {isa = PBXBuildFile; fileRef = CBFA39D21943E7BF00E0951D /* main.m */; };
		CBFA39D71943E7BF00E0951D /* CCAppDelegate.m in Sources */ = {isa = PBXBuildFile; fileRef = CBFA39D61943E7BF00E0951D /* CCAppDelegate.m */; };
		CBFA39DA1943E7BF00E0951D /* Main.storyboard in Resources */ = {isa = PBXBuildFile; fileRef = CBFA39D81943E7BF00E0951D /* Main.storyboard */; };
		CBFA39DD1943E7BF00E0951D /* CCViewController.m in Sources */ = {isa = PBXBuildFile; fileRef = CBFA39DC1943E7BF00E0951D /* CCViewController.m */; };
		CBFA39DF1943E7BF00E0951D /* Images.xcassets in Resources */ = {isa = PBXBuildFile; fileRef = CBFA39DE1943E7BF00E0951D /* Images.xcassets */; };
		CBFA39E61943E7BF00E0951D /* XCTest.framework in Frameworks */ = {isa = PBXBuildFile; fileRef = CBFA39E51943E7BF00E0951D /* XCTest.framework */; };
		CBFA39E71943E7BF00E0951D /* Foundation.framework in Frameworks */ = {isa = PBXBuildFile; fileRef = CBFA39C61943E7BF00E0951D /* Foundation.framework */; };
		CBFA39E81943E7BF00E0951D /* UIKit.framework in Frameworks */ = {isa = PBXBuildFile; fileRef = CBFA39CA1943E7BF00E0951D /* UIKit.framework */; };
		CBFA39F01943E7BF00E0951D /* InfoPlist.strings in Resources */ = {isa = PBXBuildFile; fileRef = CBFA39EE1943E7BF00E0951D /* InfoPlist.strings */; };
		CBFA39F21943E7BF00E0951D /* Git_TestTests.m in Sources */ = {isa = PBXBuildFile; fileRef = CBFA39F11943E7BF00E0951D /* Git_TestTests.m */; };
/* End PBXBuildFile section */

/* Begin PBXContainerItemProxy section */
		CBFA39E91943E7BF00E0951D /* PBXContainerItemProxy */ = {
			isa = PBXContainerItemProxy;
			containerPortal = CBFA39BB1943E7BF00E0951D /* Project object */;
			proxyType = 1;
			remoteGlobalIDString = CBFA39C21943E7BF00E0951D;
			remoteInfo = "Git Test";
		};
/* End PBXContainerItemProxy section */

/* Begin PBXFileReference section */
		CBFA39C31943E7BF00E0951D /* Git Test.app */ = {isa = PBXFileReference; explicitFileType = wrapper.application; includeInIndex = 0; path = "Git Test.app"; sourceTree = BUILT_PRODUCTS_DIR; };
		CBFA39C61943E7BF00E0951D /* Foundation.framework */ = {isa = PBXFileReference; lastKnownFileType = wrapper.framework; name = Foundation.framework; path = System/Library/Frameworks/Foundation.framework; sourceTree = SDKROOT; };
		CBFA39C81943E7BF00E0951D /* CoreGraphics.framework */ = {isa = PBXFileReference; lastKnownFileType = wrapper.framework; name = CoreGraphics.framework; path = System/Library/Frameworks/CoreGraphics.framework; sourceTree = SDKROOT; };
		CBFA39CA1943E7BF00E0951D /* UIKit.framework */ = {isa = PBXFileReference; lastKnownFileType = wrapper.framework; name = UIKit.framework; path = System/Library/Frameworks/UIKit.framework; sourceTree = SDKROOT; };
		CBFA39CE1943E7BF00E0951D /* Git Test-Info.plist */ = {isa = PBXFileReference; lastKnownFileType = text.plist.xml; path = "Git Test-Info.plist"; sourceTree = "<group>"; };
		CBFA39D01943E7BF00E0951D /* en */ = {isa = PBXFileReference; lastKnownFileType = text.plist.strings; name = en; path = en.lproj/InfoPlist.strings; sourceTree = "<group>"; };
		CBFA39D21943E7BF00E0951D /* main.m */ = {isa = PBXFileReference; lastKnownFileType = sourcecode.c.objc; path = main.m; sourceTree = "<group>"; };
		CBFA39D41943E7BF00E0951D /* Git Test-Prefix.pch */ = {isa = PBXFileReference; lastKnownFileType = sourcecode.c.h; path = "Git Test-Prefix.pch"; sourceTree = "<group>"; };
		CBFA39D51943E7BF00E0951D /* CCAppDelegate.h */ = {isa = PBXFileReference; lastKnownFileType = sourcecode.c.h; path = CCAppDelegate.h; sourceTree = "<group>"; };
		CBFA39D61943E7BF00E0951D /* CCAppDelegate.m */ = {isa = PBXFileReference; lastKnownFileType = sourcecode.c.objc; path = CCAppDelegate.m; sourceTree = "<group>"; };
		CBFA39D91943E7BF00E0951D /* Base */ = {isa = PBXFileReference; lastKnownFileType = file.storyboard; name = Base; path = Base.lproj/Main.storyboard; sourceTree = "<group>"; };
		CBFA39DB1943E7BF00E0951D /* CCViewController.h */ = {isa = PBXFileReference; lastKnownFileType = sourcecode.c.h; path = CCViewController.h; sourceTree = "<group>"; };
		CBFA39DC1943E7BF00E0951D /* CCViewController.m */ = {isa = PBXFileReference; lastKnownFileType = sourcecode.c.objc; path = CCViewController.m; sourceTree = "<group>"; };
		CBFA39DE1943E7BF00E0951D /* Images.xcassets */ = {isa = PBXFileReference; lastKnownFileType = folder.assetcatalog; path = Images.xcassets; sourceTree = "<group>"; };
		CBFA39E41943E7BF00E0951D /* Git TestTests.xctest */ = {isa = PBXFileReference; explicitFileType = wrapper.cfbundle; includeInIndex = 0; path = "Git TestTests.xctest"; sourceTree = BUILT_PRODUCTS_DIR; };
		CBFA39E51943E7BF00E0951D /* XCTest.framework */ = {isa = PBXFileReference; lastKnownFileType = wrapper.framework; name = XCTest.framework; path = Library/Frameworks/XCTest.framework; sourceTree = DEVELOPER_DIR; };
		CBFA39ED1943E7BF00E0951D /* Git TestTests-Info.plist */ = {isa = PBXFileReference; lastKnownFileType = text.plist.xml; path = "Git TestTests-Info.plist"; sourceTree = "<group>"; };
		CBFA39EF1943E7BF00E0951D /* en */ = {isa = PBXFileReference; lastKnownFileType = text.plist.strings; name = en; path = en.lproj/InfoPlist.strings; sourceTree = "<group>"; };
		CBFA39F11943E7BF00E0951D /* Git_TestTests.m */ = {isa = PBXFileReference; lastKnownFileType = sourcecode.c.objc; path = Git_TestTests.m; sourceTree = "<group>"; };
/* End PBXFileReference section */

/* Begin PBXFrameworksBuildPhase section */
		CBFA39C01943E7BF00E0951D /* Frameworks */ = {
			isa = PBXFrameworksBuildPhase;
			buildActionMask = 2147483647;
			files = (
				CBFA39C91943E7BF00E0951D /* CoreGraphics.framework in Frameworks */,
				CBFA39CB1943E7BF00E0951D /* UIKit.framework in Frameworks */,
				CBFA39C71943E7BF00E0951D /* Foundation.framework in Frameworks */,
			);
			runOnlyForDeploymentPostprocessing = 0;
		};
		CBFA39E11943E7BF00E0951D /* Frameworks */ = {
			isa = PBXFrameworksBuildPhase;
			buildActionMask = 2147483647;
			files = (
				CBFA39E61943E7BF00E0951D /* XCTest.framework in Frameworks */,
				CBFA39E81943E7BF00E0951D /* UIKit.framework in Frameworks */,
				CBFA39E71943E7BF00E0951D /* Foundation.framework in Frameworks */,
			);
			runOnlyForDeploymentPostprocessing = 0;
		};
/* End PBXFrameworksBuildPhase section */

/* Begin PBXGroup section */
		CBFA39BA1943E7BF00E0951D = {
			isa = PBXGroup;
			children = (
				CBFA39CC1943E7BF00E0951D /* Git Test */,
				CBFA39EB1943E7BF00E0951D /* Git TestTests */,
				CBFA39C51943E7BF00E0951D /* Frameworks */,
				CBFA39C41943E7BF00E0951D /* Products */,
			);
			sourceTree = "<group>";
		};
		CBFA39C41943E7BF00E0951D /* Products */ = {
			isa = PBXGroup;
			children = (
				CBFA39C31943E7BF00E0951D /* Git Test.app */,
				CBFA39E41943E7BF00E0951D /* Git TestTests.xctest */,
			);
			name = Products;
			sourceTree = "<group>";
		};
		CBFA39C51943E7BF00E0951D /* Frameworks */ = {
			isa = PBXGroup;
			children = (
				CBFA39C61943E7BF00E0951D /* Foundation.framework */,
				CBFA39C81943E7BF00E0951D /* CoreGraphics.framework */,
				CBFA39CA1943E7BF00E0951D /* UIKit.framework */,
				CBFA39E51943E7BF00E0951D /* XCTest.framework */,
			);
			name = Frameworks;
			sourceTree = "<group>";
		};
		CBFA39CC1943E7BF00E0951D /* Git Test */ = {
			isa = PBXGroup;
			children = (
				CBFA39D51943E7BF00E0951D /* CCAppDelegate.h */,
				CBFA39D61943E7BF00E0951D /* CCAppDelegate.m */,
				CBFA39D81943E7BF00E0951D /* Main.storyboard */,
				CBFA39DB1943E7BF00E0951D /* CCViewController.h */,
				CBFA39DC1943E7BF00E0951D /* CCViewController.m */,
				CBFA39DE1943E7BF00E0951D /* Images.xcassets */,
				CBFA39CD1943E7BF00E0951D /* Supporting Files */,
			);
			path = "Git Test";
			sourceTree = "<group>";
		};
		CBFA39CD1943E7BF00E0951D /* Supporting Files */ = {
			isa = PBXGroup;
			children = (
				CBFA39CE1943E7BF00E0951D /* Git Test-Info.plist */,
				CBFA39CF1943E7BF00E0951D /* InfoPlist.strings */,
				CBFA39D21943E7BF00E0951D /* main.m */,
				CBFA39D41943E7BF00E0951D /* Git Test-Prefix.pch */,
			);
			name = "Supporting Files";
			sourceTree = "<group>";
		};
		CBFA39EB1943E7BF00E0951D /* Git TestTests */ = {
			isa = PBXGroup;
			children = (
				CBFA39F11943E7BF00E0951D /* Git_TestTests.m */,
				CBFA39EC1943E7BF00E0951D /* Supporting Files */,
			);
			path = "Git TestTests";
			sourceTree = "<group>";
		};
		CBFA39EC1943E7BF00E0951D /* Supporting Files */ = {
			isa = PBXGroup;
			children = (
				CBFA39ED1943E7BF00E0951D /* Git TestTests-Info.plist */,
				CBFA39EE1943E7BF00E0951D /* InfoPlist.strings */,
			);
			name = "Supporting Files";
			sourceTree = "<group>";
		};
/* End PBXGroup section */

/* Begin PBXNativeTarget section */
		CBFA39C21943E7BF00E0951D /* Git Test */ = {
			isa = PBXNativeTarget;
			buildConfigurationList = CBFA39F51943E7BF00E0951D /* Build configuration list for PBXNativeTarget "Git Test" */;
			buildPhases = (
				CBFA39BF1943E7BF00E0951D /* Sources */,
				CBFA39C01943E7BF00E0951D /* Frameworks */,
				CBFA39C11943E7BF00E0951D /* Resources */,
			);
			buildRules = (
			);
			dependencies = (
			);
			name = "Git Test";
			productName = "Git Test";
			productReference = CBFA39C31943E7BF00E0951D /* Git Test.app */;
			productType = "com.apple.product-type.application";
		};
		CBFA39E31943E7BF00E0951D /* Git TestTests */ = {
			isa = PBXNativeTarget;
			buildConfigurationList = CBFA39F81943E7BF00E0951D /* Build configuration list for PBXNativeTarget "Git TestTests" */;
			buildPhases = (
				CBFA39E01943E7BF00E0951D /* Sources */,
				CBFA39E11943E7BF00E0951D /* Frameworks */,
				CBFA39E21943E7BF00E0951D /* Resources */,
			);
			buildRules = (
			);
			dependencies = (
				CBFA39EA1943E7BF00E0951D /* PBXTargetDependency */,
			);
			name = "Git TestTests";
			productName = "Git TestTests";
			productReference = CBFA39E41943E7BF00E0951D /* Git TestTests.xctest */;
			productType = "com.apple.product-type.bundle.unit-test";
		};
/* End PBXNativeTarget section */

/* Begin PBXProject section */
		CBFA39BB1943E7BF00E0951D /* Project object */ = {
			isa = PBXProject;
			attributes = {
				CLASSPREFIX = CC;
				LastUpgradeCheck = 0510;
				ORGANIZATIONNAME = "Code Coalition";
				TargetAttributes = {
					CBFA39E31943E7BF00E0951D = {
						TestTargetID = CBFA39C21943E7BF00E0951D;
					};
				};
			};
			buildConfigurationList = CBFA39BE1943E7BF00E0951D /* Build configuration list for PBXProject "Git Test" */;
			compatibilityVersion = "Xcode 3.2";
			developmentRegion = English;
			hasScannedForEncodings = 0;
			knownRegions = (
				en,
				Base,
			);
			mainGroup = CBFA39BA1943E7BF00E0951D;
			productRefGroup = CBFA39C41943E7BF00E0951D /* Products */;
			projectDirPath = "";
			projectRoot = "";
			targets = (
				CBFA39C21943E7BF00E0951D /* Git Test */,
				CBFA39E31943E7BF00E0951D /* Git TestTests */,
			);
		};
/* End PBXProject section */

/* Begin PBXResourcesBuildPhase section */
		CBFA39C11943E7BF00E0951D /* Resources */ = {
			isa = PBXResourcesBuildPhase;
			buildActionMask = 2147483647;
			files = (
				CBFA39DF1943E7BF00E0951D /* Images.xcassets in Resources */,
				CBFA39D11943E7BF00E0951D /* InfoPlist.strings in Resources */,
				CBFA39DA1943E7BF00E0951D /* Main.storyboard in Resources */,
			);
			runOnlyForDeploymentPostprocessing = 0;
		};
		CBFA39E21943E7BF00E0951D /* Resources */ = {
			isa = PBXResourcesBuildPhase;
			buildActionMask = 2147483647;
			files = (
				CBFA39F01943E7BF00E0951D /* InfoPlist.strings in Resources */,
			);
			runOnlyForDeploymentPostprocessing = 0;
		};
/* End PBXResourcesBuildPhase section */

/* Begin PBXSourcesBuildPhase section */
		CBFA39BF1943E7BF00E0951D /* Sources */ = {
			isa = PBXSourcesBuildPhase;
			buildActionMask = 2147483647;
			files = (
				CBFA39D71943E7BF00E0951D /* CCAppDelegate.m in Sources */,
				CBFA39D31943E7BF00E0951D /* main.m in Sources */,
				CBFA39DD1943E7BF00E0951D /* CCViewController.m in Sources */,
			);
			runOnlyForDeploymentPostprocessing = 0;
		};
		CBFA39E01943E7BF00E0951D /* Sources */ = {
			isa = PBXSourcesBuildPhase;
			buildActionMask = 2147483647;
			files = (
				CBFA39F21943E7BF00E0951D /* Git_TestTests.m in Sources */,
			);
			runOnlyForDeploymentPostprocessing = 0;
		};
/* End PBXSourcesBuildPhase section */

/* Begin PBXTargetDependency section */
		CBFA39EA1943E7BF00E0951D /* PBXTargetDependency */ = {
			isa = PBXTargetDependency;
			target = CBFA39C21943E7BF00E0951D /* Git Test */;
			targetProxy = CBFA39E91943E7BF00E0951D /* PBXContainerItemProxy */;
		};
/* End PBXTargetDependency section */

/* Begin PBXVariantGroup section */
		CBFA39CF1943E7BF00E0951D /* InfoPlist.strings */ = {
			isa = PBXVariantGroup;
			children = (
				CBFA39D01943E7BF00E0951D /* en */,
			);
			name = InfoPlist.strings;
			sourceTree = "<group>";
		};
		CBFA39D81943E7BF00E0951D /* Main.storyboard */ = {
			isa = PBXVariantGroup;
			children = (
				CBFA39D91943E7BF00E0951D /* Base */,
			);
			name = Main.storyboard;
			sourceTree = "<group>";
		};
		CBFA39EE1943E7BF00E0951D /* InfoPlist.strings */ = {
			isa = PBXVariantGroup;
			children = (
				CBFA39EF1943E7BF00E0951D /* en */,
			);
			name = InfoPlist.strings;
			sourceTree = "<group>";
		};
/* End PBXVariantGroup section */

/* Begin XCBuildConfiguration section */
		CBFA39F31943E7BF00E0951D /* Debug */ = {
			isa = XCBuildConfiguration;
			buildSettings = {
				ALWAYS_SEARCH_USER_PATHS = NO;
				CLANG_CXX_LANGUAGE_STANDARD = "gnu++0x";
				CLANG_CXX_LIBRARY = "libc++";
				CLANG_ENABLE_MODULES = YES;
				CLANG_ENABLE_OBJC_ARC = YES;
				CLANG_WARN_BOOL_CONVERSION = YES;
				CLANG_WARN_CONSTANT_CONVERSION = YES;
				CLANG_WARN_DIRECT_OBJC_ISA_USAGE = YES_ERROR;
				CLANG_WARN_EMPTY_BODY = YES;
				CLANG_WARN_ENUM_CONVERSION = YES;
				CLANG_WARN_INT_CONVERSION = YES;
				CLANG_WARN_OBJC_ROOT_CLASS = YES_ERROR;
				CLANG_WARN__DUPLICATE_METHOD_MATCH = YES;
				"CODE_SIGN_IDENTITY[sdk=iphoneos*]" = "iPhone Developer";
				COPY_PHASE_STRIP = NO;
				GCC_C_LANGUAGE_STANDARD = gnu99;
				GCC_DYNAMIC_NO_PIC = NO;
				GCC_OPTIMIZATION_LEVEL = 0;
				GCC_PREPROCESSOR_DEFINITIONS = (
					"DEBUG=1",
					"$(inherited)",
				);
				GCC_SYMBOLS_PRIVATE_EXTERN = NO;
				GCC_WARN_64_TO_32_BIT_CONVERSION = YES;
				GCC_WARN_ABOUT_RETURN_TYPE = YES_ERROR;
				GCC_WARN_UNDECLARED_SELECTOR = YES;
				GCC_WARN_UNINITIALIZED_AUTOS = YES_AGGRESSIVE;
				GCC_WARN_UNUSED_FUNCTION = YES;
				GCC_WARN_UNUSED_VARIABLE = YES;
				IPHONEOS_DEPLOYMENT_TARGET = 7.1;
				ONLY_ACTIVE_ARCH = YES;
				SDKROOT = iphoneos;
			};
			name = Debug;
		};
		CBFA39F41943E7BF00E0951D /* Release */ = {
			isa = XCBuildConfiguration;
			buildSettings = {
				ALWAYS_SEARCH_USER_PATHS = NO;
				CLANG_CXX_LANGUAGE_STANDARD = "gnu++0x";
				CLANG_CXX_LIBRARY = "libc++";
				CLANG_ENABLE_MODULES = YES;
				CLANG_ENABLE_OBJC_ARC = YES;
				CLANG_WARN_BOOL_CONVERSION = YES;
				CLANG_WARN_CONSTANT_CONVERSION = YES;
				CLANG_WARN_DIRECT_OBJC_ISA_USAGE = YES_ERROR;
				CLANG_WARN_EMPTY_BODY = YES;
				CLANG_WARN_ENUM_CONVERSION = YES;
				CLANG_WARN_INT_CONVERSION = YES;
				CLANG_WARN_OBJC_ROOT_CLASS = YES_ERROR;
				CLANG_WARN__DUPLICATE_METHOD_MATCH = YES;
				"CODE_SIGN_IDENTITY[sdk=iphoneos*]" = "iPhone Developer";
				COPY_PHASE_STRIP = YES;
				ENABLE_NS_ASSERTIONS = NO;
				GCC_C_LANGUAGE_STANDARD = gnu99;
				GCC_WARN_64_TO_32_BIT_CONVERSION = YES;
				GCC_WARN_ABOUT_RETURN_TYPE = YES_ERROR;
				GCC_WARN_UNDECLARED_SELECTOR = YES;
				GCC_WARN_UNINITIALIZED_AUTOS = YES_AGGRESSIVE;
				GCC_WARN_UNUSED_FUNCTION = YES;
				GCC_WARN_UNUSED_VARIABLE = YES;
				IPHONEOS_DEPLOYMENT_TARGET = 7.1;
				SDKROOT = iphoneos;
				VALIDATE_PRODUCT = YES;
			};
			name = Release;
		};
		CBFA39F61943E7BF00E0951D /* Debug */ = {
			isa = XCBuildConfiguration;
			buildSettings = {
				ASSETCATALOG_COMPILER_APPICON_NAME = AppIcon;
				ASSETCATALOG_COMPILER_LAUNCHIMAGE_NAME = LaunchImage;
				GCC_PRECOMPILE_PREFIX_HEADER = YES;
				GCC_PREFIX_HEADER = "Git Test/Git Test-Prefix.pch";
				INFOPLIST_FILE = "Git Test/Git Test-Info.plist";
				PRODUCT_NAME = "$(TARGET_NAME)";
				WRAPPER_EXTENSION = app;
			};
			name = Debug;
		};
		CBFA39F71943E7BF00E0951D /* Release */ = {
			isa = XCBuildConfiguration;
			buildSettings = {
				ASSETCATALOG_COMPILER_APPICON_NAME = AppIcon;
				ASSETCATALOG_COMPILER_LAUNCHIMAGE_NAME = LaunchImage;
				GCC_PRECOMPILE_PREFIX_HEADER = YES;
				GCC_PREFIX_HEADER = "Git Test/Git Test-Prefix.pch";
				INFOPLIST_FILE = "Git Test/Git Test-Info.plist";
				PRODUCT_NAME = "$(TARGET_NAME)";
				WRAPPER_EXTENSION = app;
			};
			name = Release;
		};
		CBFA39F91943E7BF00E0951D /* Debug */ = {
			isa = XCBuildConfiguration;
			buildSettings = {
				BUNDLE_LOADER = "$(BUILT_PRODUCTS_DIR)/Git Test.app/Git Test";
				FRAMEWORK_SEARCH_PATHS = (
					"$(SDKROOT)/Developer/Library/Frameworks",
					"$(inherited)",
					"$(DEVELOPER_FRAMEWORKS_DIR)",
				);
				GCC_PRECOMPILE_PREFIX_HEADER = YES;
				GCC_PREFIX_HEADER = "Git Test/Git Test-Prefix.pch";
				GCC_PREPROCESSOR_DEFINITIONS = (
					"DEBUG=1",
					"$(inherited)",
				);
				INFOPLIST_FILE = "Git TestTests/Git TestTests-Info.plist";
				PRODUCT_NAME = "$(TARGET_NAME)";
				TEST_HOST = "$(BUNDLE_LOADER)";
				WRAPPER_EXTENSION = xctest;
			};
			name = Debug;
		};
		CBFA39FA1943E7BF00E0951D /* Release */ = {
			isa = XCBuildConfiguration;
			buildSettings = {
				BUNDLE_LOADER = "$(BUILT_PRODUCTS_DIR)/Git Test.app/Git Test";
				FRAMEWORK_SEARCH_PATHS = (
					"$(SDKROOT)/Developer/Library/Frameworks",
					"$(inherited)",
					"$(DEVELOPER_FRAMEWORKS_DIR)",
				);
				GCC_PRECOMPILE_PREFIX_HEADER = YES;
				GCC_PREFIX_HEADER = "Git Test/Git Test-Prefix.pch";
				INFOPLIST_FILE = "Git TestTests/Git TestTests-Info.plist";
				PRODUCT_NAME = "$(TARGET_NAME)";
				TEST_HOST = "$(BUNDLE_LOADER)";
				WRAPPER_EXTENSION = xctest;
			};
			name = Release;
		};
/* End XCBuildConfiguration section */

/* Begin XCConfigurationList section */
		CBFA39BE1943E7BF00E0951D /* Build configuration list for PBXProject "Git Test" */ = {
			isa = XCConfigurationList;
			buildConfigurations = (
				CBFA39F31943E7BF00E0951D /* Debug */,
				CBFA39F41943E7BF00E0951D /* Release */,
			);
			defaultConfigurationIsVisible = 0;
			defaultConfigurationName = Release;
		};
		CBFA39F51943E7BF00E0951D /* Build configuration list for PBXNativeTarget "Git Test" */ = {
			isa = XCConfigurationList;
			buildConfigurations = (
				CBFA39F61943E7BF00E0951D /* Debug */,
				CBFA39F71943E7BF00E0951D /* Release */,
			);
			defaultConfigurationIsVisible = 0;
		};
		CBFA39F81943E7BF00E0951D /* Build configuration list for PBXNativeTarget "Git TestTests" */ = {
			isa = XCConfigurationList;
			buildConfigurations = (
				CBFA39F91943E7BF00E0951D /* Debug */,
				CBFA39FA1943E7BF00E0951D /* Release */,
			);
			defaultConfigurationIsVisible = 0;
		};
/* End XCConfigurationList section */
	};
	rootObject = CBFA39BB1943E7BF00E0951D /* Project object */;
}
